
Microsoft Visual Studio Solution File, Format Version 12.00
# Visual Studio Version 17
VisualStudioVersion = 17.0.31919.166
MinimumVisualStudioVersion = 10.0.40219.1
Project("{FAE04EC0-301F-11D3-BF4B-00C04F79EFBC}") = "OrderProduct", "OrderProduct\OrderProduct.csproj", "{283636D0-37D9-4378-BC2C-229EBE1DA6C9}"
EndProject
Global
	GlobalSection(SolutionConfigurationPlatforms) = preSolution
		Debug|Any CPU = Debug|Any CPU
		Release|Any CPU = Release|Any CPU
	EndGlobalSection
	GlobalSection(ProjectConfigurationPlatforms) = postSolution
		{283636D0-37D9-4378-BC2C-229EBE1DA6C9}.Debug|Any CPU.ActiveCfg = Debug|Any CPU
		{283636D0-37D9-4378-BC2C-229EBE1DA6C9}.Debug|Any CPU.Build.0 = Debug|Any CPU
		{283636D0-37D9-4378-BC2C-229EBE1DA6C9}.Release|Any CPU.ActiveCfg = Release|Any CPU
		{283636D0-37D9-4378-BC2C-229EBE1DA6C9}.Release|Any CPU.Build.0 = Release|Any CPU
	EndGlobalSection
	GlobalSection(SolutionProperties) = preSolution
		HideSolutionNode = FALSE
	EndGlobalSection
	GlobalSection(ExtensibilityGlobals) = postSolution
		SolutionGuid = {8EDA1534-D73D-4A6B-83A7-881000757810}
	EndGlobalSection
EndGlobal
